
Microsoft Visual Studio Solution File, Format Version 12.00
# Visual Studio Version 16
VisualStudioVersion = 16.0.32228.343
MinimumVisualStudioVersion = 10.0.40219.1
Project("{FAE04EC0-301F-11D3-BF4B-00C04F79EFBC}") = "CrawfordTask", "CrawfordTask\CrawfordTask.csproj", "{52909E6F-F254-41BD-9CCB-5552A9422D89}"
EndProject
Global
	GlobalSection(SolutionConfigurationPlatforms) = preSolution
		Debug|Any CPU = Debug|Any CPU
		Release|Any CPU = Release|Any CPU
	EndGlobalSection
	GlobalSection(ProjectConfigurationPlatforms) = postSolution
		{52909E6F-F254-41BD-9CCB-5552A9422D89}.Debug|Any CPU.ActiveCfg = Debug|Any CPU
		{52909E6F-F254-41BD-9CCB-5552A9422D89}.Debug|Any CPU.Build.0 = Debug|Any CPU
		{52909E6F-F254-41BD-9CCB-5552A9422D89}.Release|Any CPU.ActiveCfg = Release|Any CPU
		{52909E6F-F254-41BD-9CCB-5552A9422D89}.Release|Any CPU.Build.0 = Release|Any CPU
	EndGlobalSection
	GlobalSection(SolutionProperties) = preSolution
		HideSolutionNode = FALSE
	EndGlobalSection
	GlobalSection(ExtensibilityGlobals) = postSolution
		SolutionGuid = {6909984B-A8DC-48B6-8708-9403CF22C2A7}
	EndGlobalSection
EndGlobal
